{
  "pins" : [
    {
      "identity" : "shake-ios-staging",
      "kind" : "remoteSourceControl",
      "location" : "git@github.com:shakebugs/shake-ios-staging.git",
      "state" : {
        "revision" : "6973d58b25a720b8f3eb2e60e5816e8dfa2b5f9a",
        "version" : "18.0.0-rc.1647"
      }
    }
  ],
  "version" : 2
}
